
Microsoft Visual Studio Solution File, Format Version 12.00
# Visual Studio Version 17
VisualStudioVersion = 17.8.34511.84
MinimumVisualStudioVersion = 10.0.40219.1
Project("{9A19103F-16F7-4668-BE54-9A1E7A4F7556}") = "SistemaDeCadastro", "SistemaDeCadastro\SistemaDeCadastro.csproj", "{171E0218-2F28-4297-A34B-3C60ECFADA06}"
	ProjectSection(ProjectDependencies) = postProject
		{1029CF04-F00C-4EEF-BDA5-5EA41203BC75} = {1029CF04-F00C-4EEF-BDA5-5EA41203BC75}
	EndProjectSection
EndProject
Project("{9A19103F-16F7-4668-BE54-9A1E7A4F7556}") = "SistemaDeCadastro.Domain", "SistemaDeCadastro.Domain\SistemaDeCadastro.Domain.csproj", "{CE6F96E3-48BD-4CB6-B2A9-2E8A02FEB613}"
EndProject
Project("{9A19103F-16F7-4668-BE54-9A1E7A4F7556}") = "SistemaDeCadastro.Data", "SistemaDeCadastro.Data\SistemaDeCadastro.Data.csproj", "{1029CF04-F00C-4EEF-BDA5-5EA41203BC75}"
EndProject
Project("{9A19103F-16F7-4668-BE54-9A1E7A4F7556}") = "SistemaDeCadastro.APP", "SistemaDeCadastro.APP\SistemaDeCadastro.APP.csproj", "{05608D78-6B62-4E00-8326-DEED6CA3294B}"
EndProject
Global
	GlobalSection(SolutionConfigurationPlatforms) = preSolution
		Debug|Any CPU = Debug|Any CPU
		Release|Any CPU = Release|Any CPU
	EndGlobalSection
	GlobalSection(ProjectConfigurationPlatforms) = postSolution
		{171E0218-2F28-4297-A34B-3C60ECFADA06}.Debug|Any CPU.ActiveCfg = Debug|Any CPU
		{171E0218-2F28-4297-A34B-3C60ECFADA06}.Debug|Any CPU.Build.0 = Debug|Any CPU
		{171E0218-2F28-4297-A34B-3C60ECFADA06}.Release|Any CPU.ActiveCfg = Release|Any CPU
		{171E0218-2F28-4297-A34B-3C60ECFADA06}.Release|Any CPU.Build.0 = Release|Any CPU
		{CE6F96E3-48BD-4CB6-B2A9-2E8A02FEB613}.Debug|Any CPU.ActiveCfg = Debug|Any CPU
		{CE6F96E3-48BD-4CB6-B2A9-2E8A02FEB613}.Debug|Any CPU.Build.0 = Debug|Any CPU
		{CE6F96E3-48BD-4CB6-B2A9-2E8A02FEB613}.Release|Any CPU.ActiveCfg = Release|Any CPU
		{CE6F96E3-48BD-4CB6-B2A9-2E8A02FEB613}.Release|Any CPU.Build.0 = Release|Any CPU
		{1029CF04-F00C-4EEF-BDA5-5EA41203BC75}.Debug|Any CPU.ActiveCfg = Debug|Any CPU
		{1029CF04-F00C-4EEF-BDA5-5EA41203BC75}.Debug|Any CPU.Build.0 = Debug|Any CPU
		{1029CF04-F00C-4EEF-BDA5-5EA41203BC75}.Release|Any CPU.ActiveCfg = Release|Any CPU
		{1029CF04-F00C-4EEF-BDA5-5EA41203BC75}.Release|Any CPU.Build.0 = Release|Any CPU
		{05608D78-6B62-4E00-8326-DEED6CA3294B}.Debug|Any CPU.ActiveCfg = Debug|Any CPU
		{05608D78-6B62-4E00-8326-DEED6CA3294B}.Debug|Any CPU.Build.0 = Debug|Any CPU
		{05608D78-6B62-4E00-8326-DEED6CA3294B}.Release|Any CPU.ActiveCfg = Release|Any CPU
		{05608D78-6B62-4E00-8326-DEED6CA3294B}.Release|Any CPU.Build.0 = Release|Any CPU
	EndGlobalSection
	GlobalSection(SolutionProperties) = preSolution
		HideSolutionNode = FALSE
	EndGlobalSection
	GlobalSection(ExtensibilityGlobals) = postSolution
		SolutionGuid = {195C71C4-B49F-4F52-A3D2-3AF3406E3DE1}
	EndGlobalSection
EndGlobal
